
Microsoft Visual Studio Solution File, Format Version 12.00
# Visual Studio Version 16
VisualStudioVersion = 16.0.29418.71
MinimumVisualStudioVersion = 10.0.40219.1
Project("{FAE04EC0-301F-11D3-BF4B-00C04F79EFBC}") = "FindSquareRoot", "FindSquareRoot\FindSquareRoot.csproj", "{FD4BC87E-6F05-446C-8E96-364962915733}"
EndProject
Global
	GlobalSection(SolutionConfigurationPlatforms) = preSolution
		Debug|Any CPU = Debug|Any CPU
		Release|Any CPU = Release|Any CPU
	EndGlobalSection
	GlobalSection(ProjectConfigurationPlatforms) = postSolution
		{FD4BC87E-6F05-446C-8E96-364962915733}.Debug|Any CPU.ActiveCfg = Debug|Any CPU
		{FD4BC87E-6F05-446C-8E96-364962915733}.Debug|Any CPU.Build.0 = Debug|Any CPU
		{FD4BC87E-6F05-446C-8E96-364962915733}.Release|Any CPU.ActiveCfg = Release|Any CPU
		{FD4BC87E-6F05-446C-8E96-364962915733}.Release|Any CPU.Build.0 = Release|Any CPU
	EndGlobalSection
	GlobalSection(SolutionProperties) = preSolution
		HideSolutionNode = FALSE
	EndGlobalSection
	GlobalSection(ExtensibilityGlobals) = postSolution
		SolutionGuid = {AF2FF35F-DE9C-4C01-BA3D-90C61B2EBE6D}
	EndGlobalSection
EndGlobal
